
Microsoft Visual Studio Solution File, Format Version 12.00
# Visual Studio Version 16
VisualStudioVersion = 25.0.1706.4
MinimumVisualStudioVersion = 10.0.40219.1
Project("{FAE04EC0-301F-11D3-BF4B-00C04F79EFBC}") = "firstMVC", "firstMVC\firstMVC.csproj", "{C901D7D3-8973-4408-AED9-B6DD8914543A}"
EndProject
Global
	GlobalSection(SolutionConfigurationPlatforms) = preSolution
		Debug|Any CPU = Debug|Any CPU
		Release|Any CPU = Release|Any CPU
	EndGlobalSection
	GlobalSection(ProjectConfigurationPlatforms) = postSolution
		{C901D7D3-8973-4408-AED9-B6DD8914543A}.Debug|Any CPU.ActiveCfg = Debug|Any CPU
		{C901D7D3-8973-4408-AED9-B6DD8914543A}.Debug|Any CPU.Build.0 = Debug|Any CPU
		{C901D7D3-8973-4408-AED9-B6DD8914543A}.Release|Any CPU.ActiveCfg = Release|Any CPU
		{C901D7D3-8973-4408-AED9-B6DD8914543A}.Release|Any CPU.Build.0 = Release|Any CPU
	EndGlobalSection
	GlobalSection(SolutionProperties) = preSolution
		HideSolutionNode = FALSE
	EndGlobalSection
	GlobalSection(ExtensibilityGlobals) = postSolution
		SolutionGuid = {80A8003B-F2B1-4804-8B76-CB9C0A09890D}
	EndGlobalSection
EndGlobal
